
Microsoft Visual Studio Solution File, Format Version 12.00
# Visual Studio Version 17
VisualStudioVersion = 17.6.33829.357
MinimumVisualStudioVersion = 10.0.40219.1
Project("{FAE04EC0-301F-11D3-BF4B-00C04F79EFBC}") = "PMF", "PMF\PMF.csproj", "{846E0D54-DBD2-4F67-941A-9FAC06719690}"
EndProject
Global
	GlobalSection(SolutionConfigurationPlatforms) = preSolution
		Debug|Any CPU = Debug|Any CPU
		Release|Any CPU = Release|Any CPU
	EndGlobalSection
	GlobalSection(ProjectConfigurationPlatforms) = postSolution
		{846E0D54-DBD2-4F67-941A-9FAC06719690}.Debug|Any CPU.ActiveCfg = Debug|Any CPU
		{846E0D54-DBD2-4F67-941A-9FAC06719690}.Debug|Any CPU.Build.0 = Debug|Any CPU
		{846E0D54-DBD2-4F67-941A-9FAC06719690}.Release|Any CPU.ActiveCfg = Release|Any CPU
		{846E0D54-DBD2-4F67-941A-9FAC06719690}.Release|Any CPU.Build.0 = Release|Any CPU
	EndGlobalSection
	GlobalSection(SolutionProperties) = preSolution
		HideSolutionNode = FALSE
	EndGlobalSection
	GlobalSection(ExtensibilityGlobals) = postSolution
		SolutionGuid = {DA169F73-844A-451A-8FB5-A839297B0F76}
	EndGlobalSection
EndGlobal
